// !$*UTF8*$!
{
	archiveVersion = 1;
	classes = {
	};
	objectVersion = 56;
	objects = {

/* Begin PBXBuildFile section */
		044D6CE12A5CB9050098ABE9 /* InterviewAppApp.swift in Sources */ = {isa = PBXBuildFile; fileRef = 044D6CE02A5CB9050098ABE9 /* InterviewAppApp.swift */; };
		044D6CE32A5CB9050098ABE9 /* ContentView.swift in Sources */ = {isa = PBXBuildFile; fileRef = 044D6CE22A5CB9050098ABE9 /* ContentView.swift */; };
		044D6CE52A5CB9060098ABE9 /* Assets.xcassets in Resources */ = {isa = PBXBuildFile; fileRef = 044D6CE42A5CB9060098ABE9 /* Assets.xcassets */; };
		044D6CE82A5CB9060098ABE9 /* Preview Assets.xcassets in Resources */ = {isa = PBXBuildFile; fileRef = 044D6CE72A5CB9060098ABE9 /* Preview Assets.xcassets */; };
		044D6CF12A5CBAC70098ABE9 /* SplashView.swift in Sources */ = {isa = PBXBuildFile; fileRef = 044D6CF02A5CBAC70098ABE9 /* SplashView.swift */; };
		044D6CF32A5CBADE0098ABE9 /* SplashViewModel.swift in Sources */ = {isa = PBXBuildFile; fileRef = 044D6CF22A5CBADE0098ABE9 /* SplashViewModel.swift */; };
		044D6CF62A5CBD390098ABE9 /* LoginView.swift in Sources */ = {isa = PBXBuildFile; fileRef = 044D6CF52A5CBD390098ABE9 /* LoginView.swift */; };
		044D6CFC2A5CC0A30098ABE9 /* CGFloat.swift in Sources */ = {isa = PBXBuildFile; fileRef = 044D6CFB2A5CC0A30098ABE9 /* CGFloat.swift */; };
		044D6CFE2A5CC3820098ABE9 /* Font.swift in Sources */ = {isa = PBXBuildFile; fileRef = 044D6CFD2A5CC3820098ABE9 /* Font.swift */; };
/* End PBXBuildFile section */

/* Begin PBXFileReference section */
		044D6CDD2A5CB9050098ABE9 /* InterviewApp.app */ = {isa = PBXFileReference; explicitFileType = wrapper.application; includeInIndex = 0; path = InterviewApp.app; sourceTree = BUILT_PRODUCTS_DIR; };
		044D6CE02A5CB9050098ABE9 /* InterviewAppApp.swift */ = {isa = PBXFileReference; lastKnownFileType = sourcecode.swift; path = InterviewAppApp.swift; sourceTree = "<group>"; };
		044D6CE22A5CB9050098ABE9 /* ContentView.swift */ = {isa = PBXFileReference; lastKnownFileType = sourcecode.swift; path = ContentView.swift; sourceTree = "<group>"; };
		044D6CE42A5CB9060098ABE9 /* Assets.xcassets */ = {isa = PBXFileReference; lastKnownFileType = folder.assetcatalog; path = Assets.xcassets; sourceTree = "<group>"; };
		044D6CE72A5CB9060098ABE9 /* Preview Assets.xcassets */ = {isa = PBXFileReference; lastKnownFileType = folder.assetcatalog; path = "Preview Assets.xcassets"; sourceTree = "<group>"; };
		044D6CF02A5CBAC70098ABE9 /* SplashView.swift */ = {isa = PBXFileReference; lastKnownFileType = sourcecode.swift; path = SplashView.swift; sourceTree = "<group>"; };
		044D6CF22A5CBADE0098ABE9 /* SplashViewModel.swift */ = {isa = PBXFileReference; lastKnownFileType = sourcecode.swift; path = SplashViewModel.swift; sourceTree = "<group>"; };
		044D6CF52A5CBD390098ABE9 /* LoginView.swift */ = {isa = PBXFileReference; lastKnownFileType = sourcecode.swift; path = LoginView.swift; sourceTree = "<group>"; };
		044D6CFB2A5CC0A30098ABE9 /* CGFloat.swift */ = {isa = PBXFileReference; lastKnownFileType = sourcecode.swift; path = CGFloat.swift; sourceTree = "<group>"; };
		044D6CFD2A5CC3820098ABE9 /* Font.swift */ = {isa = PBXFileReference; lastKnownFileType = sourcecode.swift; path = Font.swift; sourceTree = "<group>"; };
/* End PBXFileReference section */

/* Begin PBXFrameworksBuildPhase section */
		044D6CDA2A5CB9050098ABE9 /* Frameworks */ = {
			isa = PBXFrameworksBuildPhase;
			buildActionMask = 2147483647;
			files = (
			);
			runOnlyForDeploymentPostprocessing = 0;
		};
/* End PBXFrameworksBuildPhase section */

/* Begin PBXGroup section */
		044D6CD42A5CB9050098ABE9 = {
			isa = PBXGroup;
			children = (
				044D6CDF2A5CB9050098ABE9 /* InterviewApp */,
				044D6CDE2A5CB9050098ABE9 /* Products */,
			);
			sourceTree = "<group>";
		};
		044D6CDE2A5CB9050098ABE9 /* Products */ = {
			isa = PBXGroup;
			children = (
				044D6CDD2A5CB9050098ABE9 /* InterviewApp.app */,
			);
			name = Products;
			sourceTree = "<group>";
		};
		044D6CDF2A5CB9050098ABE9 /* InterviewApp */ = {
			isa = PBXGroup;
			children = (
				044D6CF72A5CBF290098ABE9 /* Utilities */,
				044D6CEE2A5CBA9A0098ABE9 /* Scenes */,
				044D6CE02A5CB9050098ABE9 /* InterviewAppApp.swift */,
				044D6CE22A5CB9050098ABE9 /* ContentView.swift */,
				044D6CE42A5CB9060098ABE9 /* Assets.xcassets */,
				044D6CE62A5CB9060098ABE9 /* Preview Content */,
			);
			path = InterviewApp;
			sourceTree = "<group>";
		};
		044D6CE62A5CB9060098ABE9 /* Preview Content */ = {
			isa = PBXGroup;
			children = (
				044D6CE72A5CB9060098ABE9 /* Preview Assets.xcassets */,
			);
			path = "Preview Content";
			sourceTree = "<group>";
		};
		044D6CEE2A5CBA9A0098ABE9 /* Scenes */ = {
			isa = PBXGroup;
			children = (
				044D6CF42A5CBD120098ABE9 /* Login */,
				044D6CEF2A5CBAB70098ABE9 /* Splash */,
			);
			path = Scenes;
			sourceTree = "<group>";
		};
		044D6CEF2A5CBAB70098ABE9 /* Splash */ = {
			isa = PBXGroup;
			children = (
				044D6CF02A5CBAC70098ABE9 /* SplashView.swift */,
				044D6CF22A5CBADE0098ABE9 /* SplashViewModel.swift */,
			);
			path = Splash;
			sourceTree = "<group>";
		};
		044D6CF42A5CBD120098ABE9 /* Login */ = {
			isa = PBXGroup;
			children = (
				044D6CF52A5CBD390098ABE9 /* LoginView.swift */,
			);
			path = Login;
			sourceTree = "<group>";
		};
		044D6CF72A5CBF290098ABE9 /* Utilities */ = {
			isa = PBXGroup;
			children = (
				044D6CFA2A5CC0060098ABE9 /* Extensions */,
			);
			path = Utilities;
			sourceTree = "<group>";
		};
		044D6CFA2A5CC0060098ABE9 /* Extensions */ = {
			isa = PBXGroup;
			children = (
				044D6CFB2A5CC0A30098ABE9 /* CGFloat.swift */,
				044D6CFD2A5CC3820098ABE9 /* Font.swift */,
			);
			path = Extensions;
			sourceTree = "<group>";
		};
/* End PBXGroup section */

/* Begin PBXNativeTarget section */
		044D6CDC2A5CB9050098ABE9 /* InterviewApp */ = {
			isa = PBXNativeTarget;
			buildConfigurationList = 044D6CEB2A5CB9060098ABE9 /* Build configuration list for PBXNativeTarget "InterviewApp" */;
			buildPhases = (
				044D6CD92A5CB9050098ABE9 /* Sources */,
				044D6CDA2A5CB9050098ABE9 /* Frameworks */,
				044D6CDB2A5CB9050098ABE9 /* Resources */,
			);
			buildRules = (
			);
			dependencies = (
			);
			name = InterviewApp;
			productName = InterviewApp;
			productReference = 044D6CDD2A5CB9050098ABE9 /* InterviewApp.app */;
			productType = "com.apple.product-type.application";
		};
/* End PBXNativeTarget section */

/* Begin PBXProject section */
		044D6CD52A5CB9050098ABE9 /* Project object */ = {
			isa = PBXProject;
			attributes = {
				BuildIndependentTargetsInParallel = 1;
				LastSwiftUpdateCheck = 1430;
				LastUpgradeCheck = 1430;
				TargetAttributes = {
					044D6CDC2A5CB9050098ABE9 = {
						CreatedOnToolsVersion = 14.3.1;
					};
				};
			};
			buildConfigurationList = 044D6CD82A5CB9050098ABE9 /* Build configuration list for PBXProject "InterviewApp" */;
			compatibilityVersion = "Xcode 14.0";
			developmentRegion = en;
			hasScannedForEncodings = 0;
			knownRegions = (
				en,
				Base,
			);
			mainGroup = 044D6CD42A5CB9050098ABE9;
			productRefGroup = 044D6CDE2A5CB9050098ABE9 /* Products */;
			projectDirPath = "";
			projectRoot = "";
			targets = (
				044D6CDC2A5CB9050098ABE9 /* InterviewApp */,
			);
		};
/* End PBXProject section */

/* Begin PBXResourcesBuildPhase section */
		044D6CDB2A5CB9050098ABE9 /* Resources */ = {
			isa = PBXResourcesBuildPhase;
			buildActionMask = 2147483647;
			files = (
				044D6CE82A5CB9060098ABE9 /* Preview Assets.xcassets in Resources */,
				044D6CE52A5CB9060098ABE9 /* Assets.xcassets in Resources */,
			);
			runOnlyForDeploymentPostprocessing = 0;
		};
/* End PBXResourcesBuildPhase section */

/* Begin PBXSourcesBuildPhase section */
		044D6CD92A5CB9050098ABE9 /* Sources */ = {
			isa = PBXSourcesBuildPhase;
			buildActionMask = 2147483647;
			files = (
				044D6CFE2A5CC3820098ABE9 /* Font.swift in Sources */,
				044D6CFC2A5CC0A30098ABE9 /* CGFloat.swift in Sources */,
				044D6CE32A5CB9050098ABE9 /* ContentView.swift in Sources */,
				044D6CE12A5CB9050098ABE9 /* InterviewAppApp.swift in Sources */,
				044D6CF12A5CBAC70098ABE9 /* SplashView.swift in Sources */,
				044D6CF62A5CBD390098ABE9 /* LoginView.swift in Sources */,
				044D6CF32A5CBADE0098ABE9 /* SplashViewModel.swift in Sources */,
			);
			runOnlyForDeploymentPostprocessing = 0;
		};
/* End PBXSourcesBuildPhase section */

/* Begin XCBuildConfiguration section */
		044D6CE92A5CB9060098ABE9 /* Debug */ = {
			isa = XCBuildConfiguration;
			buildSettings = {
				ALWAYS_SEARCH_USER_PATHS = NO;
				CLANG_ANALYZER_NONNULL = YES;
				CLANG_ANALYZER_NUMBER_OBJECT_CONVERSION = YES_AGGRESSIVE;
				CLANG_CXX_LANGUAGE_STANDARD = "gnu++20";
				CLANG_ENABLE_MODULES = YES;
				CLANG_ENABLE_OBJC_ARC = YES;
				CLANG_ENABLE_OBJC_WEAK = YES;
				CLANG_WARN_BLOCK_CAPTURE_AUTORELEASING = YES;
				CLANG_WARN_BOOL_CONVERSION = YES;
				CLANG_WARN_COMMA = YES;
				CLANG_WARN_CONSTANT_CONVERSION = YES;
				CLANG_WARN_DEPRECATED_OBJC_IMPLEMENTATIONS = YES;
				CLANG_WARN_DIRECT_OBJC_ISA_USAGE = YES_ERROR;
				CLANG_WARN_DOCUMENTATION_COMMENTS = YES;
				CLANG_WARN_EMPTY_BODY = YES;
				CLANG_WARN_ENUM_CONVERSION = YES;
				CLANG_WARN_INFINITE_RECURSION = YES;
				CLANG_WARN_INT_CONVERSION = YES;
				CLANG_WARN_NON_LITERAL_NULL_CONVERSION = YES;
				CLANG_WARN_OBJC_IMPLICIT_RETAIN_SELF = YES;
				CLANG_WARN_OBJC_LITERAL_CONVERSION = YES;
				CLANG_WARN_OBJC_ROOT_CLASS = YES_ERROR;
				CLANG_WARN_QUOTED_INCLUDE_IN_FRAMEWORK_HEADER = YES;
				CLANG_WARN_RANGE_LOOP_ANALYSIS = YES;
				CLANG_WARN_STRICT_PROTOTYPES = YES;
				CLANG_WARN_SUSPICIOUS_MOVE = YES;
				CLANG_WARN_UNGUARDED_AVAILABILITY = YES_AGGRESSIVE;
				CLANG_WARN_UNREACHABLE_CODE = YES;
				CLANG_WARN__DUPLICATE_METHOD_MATCH = YES;
				COPY_PHASE_STRIP = NO;
				DEBUG_INFORMATION_FORMAT = dwarf;
				ENABLE_STRICT_OBJC_MSGSEND = YES;
				ENABLE_TESTABILITY = YES;
				GCC_C_LANGUAGE_STANDARD = gnu11;
				GCC_DYNAMIC_NO_PIC = NO;
				GCC_NO_COMMON_BLOCKS = YES;
				GCC_OPTIMIZATION_LEVEL = 0;
				GCC_PREPROCESSOR_DEFINITIONS = (
					"DEBUG=1",
					"$(inherited)",
				);
				GCC_WARN_64_TO_32_BIT_CONVERSION = YES;
				GCC_WARN_ABOUT_RETURN_TYPE = YES_ERROR;
				GCC_WARN_UNDECLARED_SELECTOR = YES;
				GCC_WARN_UNINITIALIZED_AUTOS = YES_AGGRESSIVE;
				GCC_WARN_UNUSED_FUNCTION = YES;
				GCC_WARN_UNUSED_VARIABLE = YES;
				IPHONEOS_DEPLOYMENT_TARGET = 16.4;
				MTL_ENABLE_DEBUG_INFO = INCLUDE_SOURCE;
				MTL_FAST_MATH = YES;
				ONLY_ACTIVE_ARCH = YES;
				SDKROOT = iphoneos;
				SWIFT_ACTIVE_COMPILATION_CONDITIONS = DEBUG;
				SWIFT_OPTIMIZATION_LEVEL = "-Onone";
			};
			name = Debug;
		};
		044D6CEA2A5CB9060098ABE9 /* Release */ = {
			isa = XCBuildConfiguration;
			buildSettings = {
				ALWAYS_SEARCH_USER_PATHS = NO;
				CLANG_ANALYZER_NONNULL = YES;
				CLANG_ANALYZER_NUMBER_OBJECT_CONVERSION = YES_AGGRESSIVE;
				CLANG_CXX_LANGUAGE_STANDARD = "gnu++20";
				CLANG_ENABLE_MODULES = YES;
				CLANG_ENABLE_OBJC_ARC = YES;
				CLANG_ENABLE_OBJC_WEAK = YES;
				CLANG_WARN_BLOCK_CAPTURE_AUTORELEASING = YES;
				CLANG_WARN_BOOL_CONVERSION = YES;
				CLANG_WARN_COMMA = YES;
				CLANG_WARN_CONSTANT_CONVERSION = YES;
				CLANG_WARN_DEPRECATED_OBJC_IMPLEMENTATIONS = YES;
				CLANG_WARN_DIRECT_OBJC_ISA_USAGE = YES_ERROR;
				CLANG_WARN_DOCUMENTATION_COMMENTS = YES;
				CLANG_WARN_EMPTY_BODY = YES;
				CLANG_WARN_ENUM_CONVERSION = YES;
				CLANG_WARN_INFINITE_RECURSION = YES;
				CLANG_WARN_INT_CONVERSION = YES;
				CLANG_WARN_NON_LITERAL_NULL_CONVERSION = YES;
				CLANG_WARN_OBJC_IMPLICIT_RETAIN_SELF = YES;
				CLANG_WARN_OBJC_LITERAL_CONVERSION = YES;
				CLANG_WARN_OBJC_ROOT_CLASS = YES_ERROR;
				CLANG_WARN_QUOTED_INCLUDE_IN_FRAMEWORK_HEADER = YES;
				CLANG_WARN_RANGE_LOOP_ANALYSIS = YES;
				CLANG_WARN_STRICT_PROTOTYPES = YES;
				CLANG_WARN_SUSPICIOUS_MOVE = YES;
				CLANG_WARN_UNGUARDED_AVAILABILITY = YES_AGGRESSIVE;
				CLANG_WARN_UNREACHABLE_CODE = YES;
				CLANG_WARN__DUPLICATE_METHOD_MATCH = YES;
				COPY_PHASE_STRIP = NO;
				DEBUG_INFORMATION_FORMAT = "dwarf-with-dsym";
				ENABLE_NS_ASSERTIONS = NO;
				ENABLE_STRICT_OBJC_MSGSEND = YES;
				GCC_C_LANGUAGE_STANDARD = gnu11;
				GCC_NO_COMMON_BLOCKS = YES;
				GCC_WARN_64_TO_32_BIT_CONVERSION = YES;
				GCC_WARN_ABOUT_RETURN_TYPE = YES_ERROR;
				GCC_WARN_UNDECLARED_SELECTOR = YES;
				GCC_WARN_UNINITIALIZED_AUTOS = YES_AGGRESSIVE;
				GCC_WARN_UNUSED_FUNCTION = YES;
				GCC_WARN_UNUSED_VARIABLE = YES;
				IPHONEOS_DEPLOYMENT_TARGET = 16.4;
				MTL_ENABLE_DEBUG_INFO = NO;
				MTL_FAST_MATH = YES;
				SDKROOT = iphoneos;
				SWIFT_COMPILATION_MODE = wholemodule;
				SWIFT_OPTIMIZATION_LEVEL = "-O";
				VALIDATE_PRODUCT = YES;
			};
			name = Release;
		};
		044D6CEC2A5CB9060098ABE9 /* Debug */ = {
			isa = XCBuildConfiguration;
			buildSettings = {
				ASSETCATALOG_COMPILER_APPICON_NAME = AppIcon;
				ASSETCATALOG_COMPILER_GLOBAL_ACCENT_COLOR_NAME = AccentColor;
				CODE_SIGN_STYLE = Automatic;
				CURRENT_PROJECT_VERSION = 1;
				DEVELOPMENT_ASSET_PATHS = "\"InterviewApp/Preview Content\"";
				DEVELOPMENT_TEAM = 7KLL75S4S6;
				ENABLE_PREVIEWS = YES;
				GENERATE_INFOPLIST_FILE = YES;
				INFOPLIST_KEY_UIApplicationSceneManifest_Generation = YES;
				INFOPLIST_KEY_UIApplicationSupportsIndirectInputEvents = YES;
				INFOPLIST_KEY_UILaunchScreen_Generation = YES;
				INFOPLIST_KEY_UISupportedInterfaceOrientations_iPad = "UIInterfaceOrientationPortrait UIInterfaceOrientationPortraitUpsideDown UIInterfaceOrientationLandscapeLeft UIInterfaceOrientationLandscapeRight";
				INFOPLIST_KEY_UISupportedInterfaceOrientations_iPhone = "UIInterfaceOrientationPortrait UIInterfaceOrientationLandscapeLeft UIInterfaceOrientationLandscapeRight";
				LD_RUNPATH_SEARCH_PATHS = (
					"$(inherited)",
					"@executable_path/Frameworks",
				);
				MARKETING_VERSION = 1.0;
				PRODUCT_BUNDLE_IDENTIFIER = com.SunKang.InterviewApp;
				PRODUCT_NAME = "$(TARGET_NAME)";
				SWIFT_EMIT_LOC_STRINGS = YES;
				SWIFT_VERSION = 5.0;
				TARGETED_DEVICE_FAMILY = "1,2";
			};
			name = Debug;
		};
		044D6CED2A5CB9060098ABE9 /* Release */ = {
			isa = XCBuildConfiguration;
			buildSettings = {
				ASSETCATALOG_COMPILER_APPICON_NAME = AppIcon;
				ASSETCATALOG_COMPILER_GLOBAL_ACCENT_COLOR_NAME = AccentColor;
				CODE_SIGN_STYLE = Automatic;
				CURRENT_PROJECT_VERSION = 1;
				DEVELOPMENT_ASSET_PATHS = "\"InterviewApp/Preview Content\"";
				DEVELOPMENT_TEAM = 7KLL75S4S6;
				ENABLE_PREVIEWS = YES;
				GENERATE_INFOPLIST_FILE = YES;
				INFOPLIST_KEY_UIApplicationSceneManifest_Generation = YES;
				INFOPLIST_KEY_UIApplicationSupportsIndirectInputEvents = YES;
				INFOPLIST_KEY_UILaunchScreen_Generation = YES;
				INFOPLIST_KEY_UISupportedInterfaceOrientations_iPad = "UIInterfaceOrientationPortrait UIInterfaceOrientationPortraitUpsideDown UIInterfaceOrientationLandscapeLeft UIInterfaceOrientationLandscapeRight";
				INFOPLIST_KEY_UISupportedInterfaceOrientations_iPhone = "UIInterfaceOrientationPortrait UIInterfaceOrientationLandscapeLeft UIInterfaceOrientationLandscapeRight";
				LD_RUNPATH_SEARCH_PATHS = (
					"$(inherited)",
					"@executable_path/Frameworks",
				);
				MARKETING_VERSION = 1.0;
				PRODUCT_BUNDLE_IDENTIFIER = com.SunKang.InterviewApp;
				PRODUCT_NAME = "$(TARGET_NAME)";
				SWIFT_EMIT_LOC_STRINGS = YES;
				SWIFT_VERSION = 5.0;
				TARGETED_DEVICE_FAMILY = "1,2";
			};
			name = Release;
		};
/* End XCBuildConfiguration section */

/* Begin XCConfigurationList section */
		044D6CD82A5CB9050098ABE9 /* Build configuration list for PBXProject "InterviewApp" */ = {
			isa = XCConfigurationList;
			buildConfigurations = (
				044D6CE92A5CB9060098ABE9 /* Debug */,
				044D6CEA2A5CB9060098ABE9 /* Release */,
			);
			defaultConfigurationIsVisible = 0;
			defaultConfigurationName = Release;
		};
		044D6CEB2A5CB9060098ABE9 /* Build configuration list for PBXNativeTarget "InterviewApp" */ = {
			isa = XCConfigurationList;
			buildConfigurations = (
				044D6CEC2A5CB9060098ABE9 /* Debug */,
				044D6CED2A5CB9060098ABE9 /* Release */,
			);
			defaultConfigurationIsVisible = 0;
			defaultConfigurationName = Release;
		};
/* End XCConfigurationList section */
	};
	rootObject = 044D6CD52A5CB9050098ABE9 /* Project object */;
}
